{
  "requires": true,
  "lockfileVersion": 1,
  "dependencies": {
    "audio-resampler": {
      "version": "1.0.1",
      "resolved": "https://registry.npmjs.org/audio-resampler/-/audio-resampler-1.0.1.tgz",
      "integrity": "sha1-5MjrkoQ15BUJ5wtIL29KCPvVTxs=",
      "requires": {
        "wav-encoder": "0.2.2",
        "webaudioloader": "1.0.4"
      }
    },
    "blob-to-buffer": {
      "version": "1.2.7",
      "resolved": "https://registry.npmjs.org/blob-to-buffer/-/blob-to-buffer-1.2.7.tgz",
      "integrity": "sha512-IxU6RVzH4cekdAiLbsUIC3fd11fA1c+FoD/+7PTTGejYe3Q8Y++TcR8tXt+1CYG4veMzGI2uMeIismNgqIMq9w=="
    },
    "encode-wav": {
      "version": "0.1.0",
      "resolved": "https://registry.npmjs.org/encode-wav/-/encode-wav-0.1.0.tgz",
      "integrity": "sha1-y8wyKIMhJIZiFmLDuWHg6lt2IMs=",
      "requires": {
        "webworkify": "1.5.0"
      }
    },
    "inline-worker": {
      "version": "0.1.0",
      "resolved": "https://registry.npmjs.org/inline-worker/-/inline-worker-0.1.0.tgz",
      "integrity": "sha1-spDDNutUpyHtPSL3KiuarN9oDoQ="
    },
    "lru-cache": {
      "version": "2.7.3",
      "resolved": "https://registry.npmjs.org/lru-cache/-/lru-cache-2.7.3.tgz",
      "integrity": "sha1-bUUk6LlV+V1PW1iFHOId1y+06VI="
    },
    "wav-encoder": {
      "version": "0.2.2",
      "resolved": "https://registry.npmjs.org/wav-encoder/-/wav-encoder-0.2.2.tgz",
      "integrity": "sha1-F59kT9KDcobUILOoXx+lGv7U3Xs=",
      "requires": {
        "inline-worker": "0.1.0"
      }
    },
    "webaudioloader": {
      "version": "1.0.4",
      "resolved": "https://registry.npmjs.org/webaudioloader/-/webaudioloader-1.0.4.tgz",
      "integrity": "sha1-7n6/kpQmDKjAU4Sy53+MFrt9BqY=",
      "requires": {
        "lru-cache": "2.7.3"
      }
    },
    "webworkify": {
      "version": "1.5.0",
      "resolved": "https://registry.npmjs.org/webworkify/-/webworkify-1.5.0.tgz",
      "integrity": "sha512-AMcUeyXAhbACL8S2hqqdqOLqvJ8ylmIbNwUIqQujRSouf4+eUFaXbG6F1Rbu+srlJMmxQWsiU7mOJi0nMBfM1g=="
    }
  }
}
